
Microsoft Visual Studio Solution File, Format Version 11.00
# Visual Studio 2010
Project("{FAE04EC0-301F-11D3-BF4B-00C04F79EFBC}") = "Assembly-CSharp", "Assembly-CSharp.csproj", "{01A3DFE3-1BDC-647C-7C78-7D82D8A3C8FE}"
EndProject
Project("{FAE04EC0-301F-11D3-BF4B-00C04F79EFBC}") = "Assembly-CSharp-Editor", "Assembly-CSharp-Editor.csproj", "{55E9DABD-3FCC-3F5E-A935-FFEE5B49CD7B}"
EndProject
Project("{FAE04EC0-301F-11D3-BF4B-00C04F79EFBC}") = "Unity.2D.Tilemap.Extras.Placeholder.EditorTests", "Unity.2D.Tilemap.Extras.Placeholder.EditorTests.csproj", "{771BAF17-1487-175E-9F0D-E5D99CC9DF72}"
EndProject
Global
	GlobalSection(SolutionConfigurationPlatforms) = preSolution
		Debug|Any CPU = Debug|Any CPU
		Release|Any CPU = Release|Any CPU
	EndGlobalSection
	GlobalSection(ProjectConfigurationPlatforms) = postSolution
		{01A3DFE3-1BDC-647C-7C78-7D82D8A3C8FE}.Debug|Any CPU.ActiveCfg = Debug|Any CPU
		{01A3DFE3-1BDC-647C-7C78-7D82D8A3C8FE}.Debug|Any CPU.Build.0 = Debug|Any CPU
		{01A3DFE3-1BDC-647C-7C78-7D82D8A3C8FE}.Release|Any CPU.ActiveCfg = Release|Any CPU
		{01A3DFE3-1BDC-647C-7C78-7D82D8A3C8FE}.Release|Any CPU.Build.0 = Release|Any CPU
		{55E9DABD-3FCC-3F5E-A935-FFEE5B49CD7B}.Debug|Any CPU.ActiveCfg = Debug|Any CPU
		{55E9DABD-3FCC-3F5E-A935-FFEE5B49CD7B}.Debug|Any CPU.Build.0 = Debug|Any CPU
		{55E9DABD-3FCC-3F5E-A935-FFEE5B49CD7B}.Release|Any CPU.ActiveCfg = Release|Any CPU
		{55E9DABD-3FCC-3F5E-A935-FFEE5B49CD7B}.Release|Any CPU.Build.0 = Release|Any CPU
		{771BAF17-1487-175E-9F0D-E5D99CC9DF72}.Debug|Any CPU.ActiveCfg = Debug|Any CPU
		{771BAF17-1487-175E-9F0D-E5D99CC9DF72}.Debug|Any CPU.Build.0 = Debug|Any CPU
		{771BAF17-1487-175E-9F0D-E5D99CC9DF72}.Release|Any CPU.ActiveCfg = Release|Any CPU
		{771BAF17-1487-175E-9F0D-E5D99CC9DF72}.Release|Any CPU.Build.0 = Release|Any CPU
	EndGlobalSection
	GlobalSection(SolutionProperties) = preSolution
		HideSolutionNode = FALSE
	EndGlobalSection
EndGlobal
